
Microsoft Visual Studio Solution File, Format Version 12.00
# Visual Studio Version 17
VisualStudioVersion = 17.9.34728.123
MinimumVisualStudioVersion = 10.0.40219.1
Project("{8BC9CEB8-8B4A-11D0-8D11-00A0C91BC942}") = "DZ_14_12.05", "DZ_14_12.05.vcxproj", "{B5BAAA38-CFC7-4B0E-B5AE-78C3BC40702D}"
EndProject
Global
	GlobalSection(SolutionConfigurationPlatforms) = preSolution
		Debug|x64 = Debug|x64
		Debug|x86 = Debug|x86
		Release|x64 = Release|x64
		Release|x86 = Release|x86
	EndGlobalSection
	GlobalSection(ProjectConfigurationPlatforms) = postSolution
		{B5BAAA38-CFC7-4B0E-B5AE-78C3BC40702D}.Debug|x64.ActiveCfg = Debug|x64
		{B5BAAA38-CFC7-4B0E-B5AE-78C3BC40702D}.Debug|x64.Build.0 = Debug|x64
		{B5BAAA38-CFC7-4B0E-B5AE-78C3BC40702D}.Debug|x86.ActiveCfg = Debug|Win32
		{B5BAAA38-CFC7-4B0E-B5AE-78C3BC40702D}.Debug|x86.Build.0 = Debug|Win32
		{B5BAAA38-CFC7-4B0E-B5AE-78C3BC40702D}.Release|x64.ActiveCfg = Release|x64
		{B5BAAA38-CFC7-4B0E-B5AE-78C3BC40702D}.Release|x64.Build.0 = Release|x64
		{B5BAAA38-CFC7-4B0E-B5AE-78C3BC40702D}.Release|x86.ActiveCfg = Release|Win32
		{B5BAAA38-CFC7-4B0E-B5AE-78C3BC40702D}.Release|x86.Build.0 = Release|Win32
	EndGlobalSection
	GlobalSection(SolutionProperties) = preSolution
		HideSolutionNode = FALSE
	EndGlobalSection
	GlobalSection(ExtensibilityGlobals) = postSolution
		SolutionGuid = {6B084388-9201-4C13-ACAE-4DE712045E4D}
	EndGlobalSection
EndGlobal
